{
    "_readme": [
        "This file locks the dependencies of your project to a known state",
        "Read more about it at https://getcomposer.org/doc/01-basic-usage.md#composer-lock-the-lock-file",
        "This file is @generated automatically"
    ],
    "content-hash": "c3920924eaaa27e2849e848114519d30",
    "packages": [
        {
            "name": "composer/installers",
            "version": "v1.5.0",
            "source": {
                "type": "git",
                "url": "https://github.com/composer/installers.git",
                "reference": "049797d727261bf27f2690430d935067710049c2"
            },
            "dist": {
                "type": "zip",
                "url": "https://api.github.com/repos/composer/installers/zipball/049797d727261bf27f2690430d935067710049c2",
                "reference": "049797d727261bf27f2690430d935067710049c2",
                "shasum": ""
            },
            "require": {
                "composer-plugin-api": "^1.0"
            },
            "replace": {
                "roundcube/plugin-installer": "*",
                "shama/baton": "*"
            },
            "require-dev": {
                "composer/composer": "1.0.*@dev",
                "phpunit/phpunit": "^4.8.36"
            },
            "type": "composer-plugin",
            "extra": {
                "class": "Composer\\Installers\\Plugin",
                "branch-alias": {
                    "dev-master": "1.0-dev"
                }
            },
            "autoload": {
                "psr-4": {
                    "Composer\\Installers\\": "src/Composer/Installers"
                }
            },
            "notification-url": "https://packagist.org/downloads/",
            "license": [
                "MIT"
            ],
            "authors": [
                {
                    "name": "Kyle Robinson Young",
                    "email": "kyle@dontkry.com",
                    "homepage": "https://github.com/shama"
                }
            ],
            "description": "A multi-framework Composer library installer",
            "homepage": "https://composer.github.io/installers/",
            "keywords": [
                "Craft",
                "Dolibarr",
                "Eliasis",
                "Hurad",
                "ImageCMS",
                "Kanboard",
                "Lan Management System",
                "MODX Evo",
                "Mautic",
                "Maya",
                "OXID",
                "Plentymarkets",
                "Porto",
                "RadPHP",
                "SMF",
                "Thelia",
                "WolfCMS",
                "agl",
                "aimeos",
                "annotatecms",
                "attogram",
                "bitrix",
                "cakephp",
                "chef",
                "cockpit",
                "codeigniter",
                "concrete5",
                "croogo",
                "dokuwiki",
                "drupal",
                "eZ Platform",
                "elgg",
                "expressionengine",
                "fuelphp",
                "grav",
                "installer",
                "itop",
                "joomla",
                "kohana",
                "laravel",
                "lavalite",
                "lithium",
                "magento",
                "majima",
                "mako",
                "mediawiki",
                "modulework",
                "modx",
                "moodle",
                "osclass",
                "phpbb",
                "piwik",
                "ppi",
                "puppet",
                "pxcms",
                "reindex",
                "roundcube",
                "shopware",
                "silverstripe",
                "sydes",
                "symfony",
                "typo3",
                "wordpress",
                "yawik",
                "zend",
                "zikula"
            ],
            "time": "2017-12-29T09:13:20+00:00"
        },
        {
            "name": "erusev/parsedown",
            "version": "1.7.1",
            "source": {
                "type": "git",
                "url": "https://github.com/erusev/parsedown.git",
                "reference": "92e9c27ba0e74b8b028b111d1b6f956a15c01fc1"
            },
            "dist": {
                "type": "zip",
                "url": "https://api.github.com/repos/erusev/parsedown/zipball/92e9c27ba0e74b8b028b111d1b6f956a15c01fc1",
                "reference": "92e9c27ba0e74b8b028b111d1b6f956a15c01fc1",
                "shasum": ""
            },
            "require": {
                "ext-mbstring": "*",
                "php": ">=5.3.0"
            },
            "require-dev": {
                "phpunit/phpunit": "^4.8.35"
            },
            "type": "library",
            "autoload": {
                "psr-0": {
                    "Parsedown": ""
                }
            },
            "notification-url": "https://packagist.org/downloads/",
            "license": [
                "MIT"
            ],
            "authors": [
                {
                    "name": "Emanuil Rusev",
                    "email": "hello@erusev.com",
                    "homepage": "http://erusev.com"
                }
            ],
            "description": "Parser for Markdown.",
            "homepage": "http://parsedown.org",
            "keywords": [
                "markdown",
                "parser"
            ],
            "time": "2018-03-08T01:11:30+00:00"
        },
        {
            "name": "htmlburger/carbon-common",
            "version": "1.2.5",
            "source": {
                "type": "git",
                "url": "https://bitbucket.org/htmlburger/carbon-common.git",
                "reference": "104091730bef3b97855d022adea96c7135648f4c"
            },
            "dist": {
                "type": "zip",
                "url": "https://bitbucket.org/htmlburger/carbon-common/get/104091730bef3b97855d022adea96c7135648f4c.zip",
                "reference": "104091730bef3b97855d022adea96c7135648f4c",
                "shasum": ""
            },
            "type": "library",
            "autoload": {
                "files": [
                    "carbon-common.php"
                ]
            },
            "notification-url": "https://packagist.org/downloads/",
            "license": [
                "GPL-2.0"
            ],
            "authors": [
                {
                    "name": "htmlburger",
                    "email": "info@htmlburger.com"
                }
            ],
            "description": "A collection of common utility functions, useful for building WordPress themes and plugins.",
            "homepage": "https://bitbucket.org/htmlburger/carbon-common",
            "time": "2018-02-07T14:24:53+00:00"
        },
        {
            "name": "htmlburger/carbon-debug",
            "version": "1.0.2",
            "source": {
                "type": "git",
                "url": "https://bitbucket.org/htmlburger/carbon-debug.git",
                "reference": "5f9f80817c96df8335c03875d74074862623fe5a"
            },
            "dist": {
                "type": "zip",
                "url": "https://bitbucket.org/htmlburger/carbon-debug/get/5f9f80817c96df8335c03875d74074862623fe5a.zip",
                "reference": "5f9f80817c96df8335c03875d74074862623fe5a",
                "shasum": ""
            },
            "require": {
                "symfony/var-dumper": "~2.7"
            },
            "type": "library",
            "autoload": {
                "files": [
                    "carbon-debug.php"
                ]
            },
            "notification-url": "https://packagist.org/downloads/",
            "license": [
                "GPL-2.0"
            ],
            "authors": [
                {
                    "name": "htmlburger",
                    "email": "info@htmlburger.com"
                }
            ],
            "description": "Debugging functions, wrapping around Symfony's VarDumper.",
            "homepage": "https://bitbucket.org/htmlburger/carbon-debug",
            "time": "2018-01-08T08:30:17+00:00"
        },
        {
            "name": "htmlburger/carbon-fragment",
            "version": "1.0.1",
            "source": {
                "type": "git",
                "url": "https://bitbucket.org/htmlburger/carbon-fragment.git",
                "reference": "28a3cea0c986cd424bd6b8d5b16f904f5bf74741"
            },
            "dist": {
                "type": "zip",
                "url": "https://bitbucket.org/htmlburger/carbon-fragment/get/28a3cea0c986cd424bd6b8d5b16f904f5bf74741.zip",
                "reference": "28a3cea0c986cd424bd6b8d5b16f904f5bf74741",
                "shasum": ""
            },
            "type": "library",
            "autoload": {
                "files": [
                    "carbon-fragment.php"
                ]
            },
            "notification-url": "https://packagist.org/downloads/",
            "license": [
                "GPL-2.0"
            ],
            "authors": [
                {
                    "name": "htmlburger",
                    "email": "info@htmlburger.com"
                }
            ],
            "description": "A tiny tool that allows passing variables to theme fragment files.",
            "homepage": "https://bitbucket.org/htmlburger/carbon-fragment",
            "time": "2017-05-30T09:39:44+00:00"
        },
        {
            "name": "htmlburger/carbon-pagination",
            "version": "v1.1.5",
            "source": {
                "type": "git",
                "url": "https://bitbucket.org/htmlburger/carbon-pagination.git",
                "reference": "1c81c804650bc1228711050dab3a1bc292dd4f41"
            },
            "dist": {
                "type": "zip",
                "url": "https://bitbucket.org/htmlburger/carbon-pagination/get/1c81c804650bc1228711050dab3a1bc292dd4f41.zip",
                "reference": "1c81c804650bc1228711050dab3a1bc292dd4f41",
                "shasum": ""
            },
            "type": "library",
            "autoload": {
                "files": [
                    "carbon-pagination.php"
                ]
            },
            "notification-url": "https://packagist.org/downloads/",
            "license": [
                "GPL-2.0+"
            ],
            "authors": [
                {
                    "name": "Marin Atanasov",
                    "email": "contact@marinatanasov.com"
                },
                {
                    "name": "htmlburger",
                    "email": "info@htmlburger.com"
                }
            ],
            "description": "A handy WordPress library for building all kinds of paginations.",
            "keywords": [
                "carbon",
                "comments",
                "first",
                "last",
                "loop",
                "next",
                "page",
                "pages",
                "pagination",
                "paging",
                "prev"
            ],
            "time": "2016-10-20T15:46:11+00:00"
        },
        {
            "name": "htmlburger/theme-help",
            "version": "1.1.7",
            "source": {
                "type": "git",
                "url": "https://bitbucket.org/htmlburger/theme-help.git",
                "reference": "88bee6233e441cb21ff21cf7f435d3a83e84bd16"
            },
            "dist": {
                "type": "zip",
                "url": "https://bitbucket.org/htmlburger/theme-help/get/88bee6233e441cb21ff21cf7f435d3a83e84bd16.zip",
                "reference": "88bee6233e441cb21ff21cf7f435d3a83e84bd16",
                "shasum": ""
            },
            "require": {
                "erusev/parsedown": "^1.6"
            },
            "type": "library",
            "autoload": {
                "files": [
                    "theme-help.php"
                ]
            },
            "notification-url": "https://packagist.org/downloads/",
            "license": [
                "GPL-2.0"
            ],
            "authors": [
                {
                    "name": "htmlburger",
                    "email": "info@htmlburger.com"
                }
            ],
            "description": "A tiny helper to render the theme readme.html in the WP Admin.",
            "homepage": "https://bitbucket.org/htmlburger/theme-help",
            "time": "2018-01-08T08:02:32+00:00"
        },
        {
            "name": "symfony/polyfill-mbstring",
            "version": "v1.7.0",
            "source": {
                "type": "git",
                "url": "https://github.com/symfony/polyfill-mbstring.git",
                "reference": "78be803ce01e55d3491c1397cf1c64beb9c1b63b"
            },
            "dist": {
                "type": "zip",
                "url": "https://api.github.com/repos/symfony/polyfill-mbstring/zipball/78be803ce01e55d3491c1397cf1c64beb9c1b63b",
                "reference": "78be803ce01e55d3491c1397cf1c64beb9c1b63b",
                "shasum": ""
            },
            "require": {
                "php": ">=5.3.3"
            },
            "suggest": {
                "ext-mbstring": "For best performance"
            },
            "type": "library",
            "extra": {
                "branch-alias": {
                    "dev-master": "1.7-dev"
                }
            },
            "autoload": {
                "psr-4": {
                    "Symfony\\Polyfill\\Mbstring\\": ""
                },
                "files": [
                    "bootstrap.php"
                ]
            },
            "notification-url": "https://packagist.org/downloads/",
            "license": [
                "MIT"
            ],
            "authors": [
                {
                    "name": "Nicolas Grekas",
                    "email": "p@tchwork.com"
                },
                {
                    "name": "Symfony Community",
                    "homepage": "https://symfony.com/contributors"
                }
            ],
            "description": "Symfony polyfill for the Mbstring extension",
            "homepage": "https://symfony.com",
            "keywords": [
                "compatibility",
                "mbstring",
                "polyfill",
                "portable",
                "shim"
            ],
            "time": "2018-01-30T19:27:44+00:00"
        },
        {
            "name": "symfony/var-dumper",
            "version": "v2.8.36",
            "source": {
                "type": "git",
                "url": "https://github.com/symfony/var-dumper.git",
                "reference": "e6a3e8c832096f8902a3e80169fca5d202e7e0d3"
            },
            "dist": {
                "type": "zip",
                "url": "https://api.github.com/repos/symfony/var-dumper/zipball/e6a3e8c832096f8902a3e80169fca5d202e7e0d3",
                "reference": "e6a3e8c832096f8902a3e80169fca5d202e7e0d3",
                "shasum": ""
            },
            "require": {
                "php": ">=5.3.9",
                "symfony/polyfill-mbstring": "~1.0"
            },
            "conflict": {
                "phpunit/phpunit": "<4.8.35|<5.4.3,>=5.0"
            },
            "require-dev": {
                "ext-iconv": "*",
                "twig/twig": "~1.34|~2.4"
            },
            "suggest": {
                "ext-iconv": "To convert non-UTF-8 strings to UTF-8 (or symfony/polyfill-iconv in case ext-iconv cannot be used).",
                "ext-symfony_debug": ""
            },
            "type": "library",
            "extra": {
                "branch-alias": {
                    "dev-master": "2.8-dev"
                }
            },
            "autoload": {
                "files": [
                    "Resources/functions/dump.php"
                ],
                "psr-4": {
                    "Symfony\\Component\\VarDumper\\": ""
                },
                "exclude-from-classmap": [
                    "/Tests/"
                ]
            },
            "notification-url": "https://packagist.org/downloads/",
            "license": [
                "MIT"
            ],
            "authors": [
                {
                    "name": "Nicolas Grekas",
                    "email": "p@tchwork.com"
                },
                {
                    "name": "Symfony Community",
                    "homepage": "https://symfony.com/contributors"
                }
            ],
            "description": "Symfony mechanism for exploring and dumping PHP variables",
            "homepage": "https://symfony.com",
            "keywords": [
                "debug",
                "dump"
            ],
            "time": "2018-01-31T10:36:06+00:00"
        }
    ],
    "packages-dev": [],
    "aliases": [],
    "minimum-stability": "stable",
    "stability-flags": [],
    "prefer-stable": false,
    "prefer-lowest": false,
    "platform": {
        "php": ">=5.4.0"
    },
    "platform-dev": []
}
